
Microsoft Visual Studio Solution File, Format Version 12.00
# Visual Studio Version 17
VisualStudioVersion = 17.14.37216.2 d17.14
MinimumVisualStudioVersion = 10.0.40219.1
Project("{2150E333-8FDC-42A3-9474-1A3956D46DE8}") = "src", "src", "{827E0CD3-B72D-47B6-A68D-7590B98EB39B}"
EndProject
Project("{FAE04EC0-301F-11D3-BF4B-00C04F79EFBC}") = "BlogSystem.API", "src\BlogSystem.API\BlogSystem.API.csproj", "{774EC5EE-BA12-C2BC-D844-42D04A3FC934}"
EndProject
Project("{FAE04EC0-301F-11D3-BF4B-00C04F79EFBC}") = "BlogSystem.Application", "src\BlogSystem.Application\BlogSystem.Application.csproj", "{3A3B5BF3-8F9F-539E-F1F6-B5193AE9C81C}"
EndProject
Project("{FAE04EC0-301F-11D3-BF4B-00C04F79EFBC}") = "BlogSystem.Domain", "src\BlogSystem.Domain\BlogSystem.Domain.csproj", "{98F29B4F-5424-4727-4F1B-F071D5826C0D}"
EndProject
Project("{FAE04EC0-301F-11D3-BF4B-00C04F79EFBC}") = "BlogSystem.Infrastructure", "src\BlogSystem.Infrastructure\BlogSystem.Infrastructure.csproj", "{7E50D994-87BF-4321-E384-22EB93686EB9}"
EndProject
Project("{FAE04EC0-301F-11D3-BF4B-00C04F79EFBC}") = "BlogSystem.Shared", "src\BlogSystem.Shared\BlogSystem.Shared.csproj", "{D9361150-8105-F043-866A-17C258CB2B82}"
EndProject
Global
	GlobalSection(SolutionConfigurationPlatforms) = preSolution
		Debug|Any CPU = Debug|Any CPU
		Release|Any CPU = Release|Any CPU
	EndGlobalSection
	GlobalSection(ProjectConfigurationPlatforms) = postSolution
		{774EC5EE-BA12-C2BC-D844-42D04A3FC934}.Debug|Any CPU.ActiveCfg = Debug|Any CPU
		{774EC5EE-BA12-C2BC-D844-42D04A3FC934}.Debug|Any CPU.Build.0 = Debug|Any CPU
		{774EC5EE-BA12-C2BC-D844-42D04A3FC934}.Release|Any CPU.ActiveCfg = Release|Any CPU
		{774EC5EE-BA12-C2BC-D844-42D04A3FC934}.Release|Any CPU.Build.0 = Release|Any CPU
		{3A3B5BF3-8F9F-539E-F1F6-B5193AE9C81C}.Debug|Any CPU.ActiveCfg = Debug|Any CPU
		{3A3B5BF3-8F9F-539E-F1F6-B5193AE9C81C}.Debug|Any CPU.Build.0 = Debug|Any CPU
		{3A3B5BF3-8F9F-539E-F1F6-B5193AE9C81C}.Release|Any CPU.ActiveCfg = Release|Any CPU
		{3A3B5BF3-8F9F-539E-F1F6-B5193AE9C81C}.Release|Any CPU.Build.0 = Release|Any CPU
		{98F29B4F-5424-4727-4F1B-F071D5826C0D}.Debug|Any CPU.ActiveCfg = Debug|Any CPU
		{98F29B4F-5424-4727-4F1B-F071D5826C0D}.Debug|Any CPU.Build.0 = Debug|Any CPU
		{98F29B4F-5424-4727-4F1B-F071D5826C0D}.Release|Any CPU.ActiveCfg = Release|Any CPU
		{98F29B4F-5424-4727-4F1B-F071D5826C0D}.Release|Any CPU.Build.0 = Release|Any CPU
		{7E50D994-87BF-4321-E384-22EB93686EB9}.Debug|Any CPU.ActiveCfg = Debug|Any CPU
		{7E50D994-87BF-4321-E384-22EB93686EB9}.Debug|Any CPU.Build.0 = Debug|Any CPU
		{7E50D994-87BF-4321-E384-22EB93686EB9}.Release|Any CPU.ActiveCfg = Release|Any CPU
		{7E50D994-87BF-4321-E384-22EB93686EB9}.Release|Any CPU.Build.0 = Release|Any CPU
		{D9361150-8105-F043-866A-17C258CB2B82}.Debug|Any CPU.ActiveCfg = Debug|Any CPU
		{D9361150-8105-F043-866A-17C258CB2B82}.Debug|Any CPU.Build.0 = Debug|Any CPU
		{D9361150-8105-F043-866A-17C258CB2B82}.Release|Any CPU.ActiveCfg = Release|Any CPU
		{D9361150-8105-F043-866A-17C258CB2B82}.Release|Any CPU.Build.0 = Release|Any CPU
	EndGlobalSection
	GlobalSection(SolutionProperties) = preSolution
		HideSolutionNode = FALSE
	EndGlobalSection
	GlobalSection(NestedProjects) = preSolution
		{774EC5EE-BA12-C2BC-D844-42D04A3FC934} = {827E0CD3-B72D-47B6-A68D-7590B98EB39B}
		{3A3B5BF3-8F9F-539E-F1F6-B5193AE9C81C} = {827E0CD3-B72D-47B6-A68D-7590B98EB39B}
		{98F29B4F-5424-4727-4F1B-F071D5826C0D} = {827E0CD3-B72D-47B6-A68D-7590B98EB39B}
		{7E50D994-87BF-4321-E384-22EB93686EB9} = {827E0CD3-B72D-47B6-A68D-7590B98EB39B}
		{D9361150-8105-F043-866A-17C258CB2B82} = {827E0CD3-B72D-47B6-A68D-7590B98EB39B}
	EndGlobalSection
EndGlobal
